
Microsoft Visual Studio Solution File, Format Version 12.00
# Visual Studio Version 17
VisualStudioVersion = 17.2.32630.192
MinimumVisualStudioVersion = 10.0.40219.1
Project("{FAE04EC0-301F-11D3-BF4B-00C04F79EFBC}") = "scaffolding", "scaffolding\scaffolding.csproj", "{0A8307CF-30D0-4B8C-A90F-F01724EAABDC}"
EndProject
Global
	GlobalSection(SolutionConfigurationPlatforms) = preSolution
		Debug|Any CPU = Debug|Any CPU
		Release|Any CPU = Release|Any CPU
	EndGlobalSection
	GlobalSection(ProjectConfigurationPlatforms) = postSolution
		{0A8307CF-30D0-4B8C-A90F-F01724EAABDC}.Debug|Any CPU.ActiveCfg = Debug|Any CPU
		{0A8307CF-30D0-4B8C-A90F-F01724EAABDC}.Debug|Any CPU.Build.0 = Debug|Any CPU
		{0A8307CF-30D0-4B8C-A90F-F01724EAABDC}.Release|Any CPU.ActiveCfg = Release|Any CPU
		{0A8307CF-30D0-4B8C-A90F-F01724EAABDC}.Release|Any CPU.Build.0 = Release|Any CPU
	EndGlobalSection
	GlobalSection(SolutionProperties) = preSolution
		HideSolutionNode = FALSE
	EndGlobalSection
	GlobalSection(ExtensibilityGlobals) = postSolution
		SolutionGuid = {329E9C11-4ADF-4044-8237-A4BF16FFE5D0}
	EndGlobalSection
EndGlobal
